
Microsoft Visual Studio Solution File, Format Version 12.00
# Visual Studio Version 17
VisualStudioVersion = 17.9.34310.174
MinimumVisualStudioVersion = 10.0.40219.1
Project("{FAE04EC0-301F-11D3-BF4B-00C04F79EFBC}") = "MinusThetaDine.API", "MinusThetaDine.API\MinusThetaDine.API.csproj", "{EDC7CEBF-46FB-4080-89A1-FBD2104EE6FA}"
EndProject
Project("{FAE04EC0-301F-11D3-BF4B-00C04F79EFBC}") = "MinusTheta.Contracts", "MinusTheta.Contracts\MinusTheta.Contracts.csproj", "{499C7D77-A627-47E6-9D85-058115801AD5}"
EndProject
Project("{FAE04EC0-301F-11D3-BF4B-00C04F79EFBC}") = "MinusTheta.Infrastructure", "MinusTheta.Infrastructure\MinusTheta.Infrastructure.csproj", "{E989A916-D2FB-491A-ACA9-2019F0C12E62}"
EndProject
Project("{FAE04EC0-301F-11D3-BF4B-00C04F79EFBC}") = "MinusTheta.Application", "MinusTheta.Application\MinusTheta.Application.csproj", "{6649D4CE-C79D-425C-8DD4-4CC65D519592}"
EndProject
Project("{FAE04EC0-301F-11D3-BF4B-00C04F79EFBC}") = "MinusTheta.Domain", "MinusTheta.Domain\MinusTheta.Domain.csproj", "{2B319501-1223-462B-84CB-AF93955323B0}"
EndProject
Global
	GlobalSection(SolutionConfigurationPlatforms) = preSolution
		Debug|Any CPU = Debug|Any CPU
		Release|Any CPU = Release|Any CPU
	EndGlobalSection
	GlobalSection(ProjectConfigurationPlatforms) = postSolution
		{EDC7CEBF-46FB-4080-89A1-FBD2104EE6FA}.Debug|Any CPU.ActiveCfg = Debug|Any CPU
		{EDC7CEBF-46FB-4080-89A1-FBD2104EE6FA}.Debug|Any CPU.Build.0 = Debug|Any CPU
		{EDC7CEBF-46FB-4080-89A1-FBD2104EE6FA}.Release|Any CPU.ActiveCfg = Release|Any CPU
		{EDC7CEBF-46FB-4080-89A1-FBD2104EE6FA}.Release|Any CPU.Build.0 = Release|Any CPU
		{499C7D77-A627-47E6-9D85-058115801AD5}.Debug|Any CPU.ActiveCfg = Debug|Any CPU
		{499C7D77-A627-47E6-9D85-058115801AD5}.Debug|Any CPU.Build.0 = Debug|Any CPU
		{499C7D77-A627-47E6-9D85-058115801AD5}.Release|Any CPU.ActiveCfg = Release|Any CPU
		{499C7D77-A627-47E6-9D85-058115801AD5}.Release|Any CPU.Build.0 = Release|Any CPU
		{E989A916-D2FB-491A-ACA9-2019F0C12E62}.Debug|Any CPU.ActiveCfg = Debug|Any CPU
		{E989A916-D2FB-491A-ACA9-2019F0C12E62}.Debug|Any CPU.Build.0 = Debug|Any CPU
		{E989A916-D2FB-491A-ACA9-2019F0C12E62}.Release|Any CPU.ActiveCfg = Release|Any CPU
		{E989A916-D2FB-491A-ACA9-2019F0C12E62}.Release|Any CPU.Build.0 = Release|Any CPU
		{6649D4CE-C79D-425C-8DD4-4CC65D519592}.Debug|Any CPU.ActiveCfg = Debug|Any CPU
		{6649D4CE-C79D-425C-8DD4-4CC65D519592}.Debug|Any CPU.Build.0 = Debug|Any CPU
		{6649D4CE-C79D-425C-8DD4-4CC65D519592}.Release|Any CPU.ActiveCfg = Release|Any CPU
		{6649D4CE-C79D-425C-8DD4-4CC65D519592}.Release|Any CPU.Build.0 = Release|Any CPU
		{2B319501-1223-462B-84CB-AF93955323B0}.Debug|Any CPU.ActiveCfg = Debug|Any CPU
		{2B319501-1223-462B-84CB-AF93955323B0}.Debug|Any CPU.Build.0 = Debug|Any CPU
		{2B319501-1223-462B-84CB-AF93955323B0}.Release|Any CPU.ActiveCfg = Release|Any CPU
		{2B319501-1223-462B-84CB-AF93955323B0}.Release|Any CPU.Build.0 = Release|Any CPU
	EndGlobalSection
	GlobalSection(SolutionProperties) = preSolution
		HideSolutionNode = FALSE
	EndGlobalSection
	GlobalSection(ExtensibilityGlobals) = postSolution
		SolutionGuid = {9A71E324-FD73-46F9-A685-E232C998E94E}
	EndGlobalSection
EndGlobal
